
Microsoft Visual Studio Solution File, Format Version 12.00
# Visual Studio 15
VisualStudioVersion = 15.0.26730.16
MinimumVisualStudioVersion = 10.0.40219.1
Project("{9A19103F-16F7-4668-BE54-9A1E7A4F7556}") = "StreetLightSim", "StreetLightSim\StreetLightSim.csproj", "{4A73DA75-C907-41E6-9A05-9C56FEFA1901}"
EndProject
Project("{9A19103F-16F7-4668-BE54-9A1E7A4F7556}") = "Common", "Common\Common.csproj", "{C24B10A3-6A3D-453F-8449-732D57867270}"
EndProject
Global
	GlobalSection(SolutionConfigurationPlatforms) = preSolution
		Debug|Any CPU = Debug|Any CPU
		Release|Any CPU = Release|Any CPU
	EndGlobalSection
	GlobalSection(ProjectConfigurationPlatforms) = postSolution
		{4A73DA75-C907-41E6-9A05-9C56FEFA1901}.Debug|Any CPU.ActiveCfg = Debug|Any CPU
		{4A73DA75-C907-41E6-9A05-9C56FEFA1901}.Debug|Any CPU.Build.0 = Debug|Any CPU
		{4A73DA75-C907-41E6-9A05-9C56FEFA1901}.Release|Any CPU.ActiveCfg = Release|Any CPU
		{4A73DA75-C907-41E6-9A05-9C56FEFA1901}.Release|Any CPU.Build.0 = Release|Any CPU
		{C24B10A3-6A3D-453F-8449-732D57867270}.Debug|Any CPU.ActiveCfg = Debug|Any CPU
		{C24B10A3-6A3D-453F-8449-732D57867270}.Debug|Any CPU.Build.0 = Debug|Any CPU
		{C24B10A3-6A3D-453F-8449-732D57867270}.Release|Any CPU.ActiveCfg = Release|Any CPU
		{C24B10A3-6A3D-453F-8449-732D57867270}.Release|Any CPU.Build.0 = Release|Any CPU
	EndGlobalSection
	GlobalSection(SolutionProperties) = preSolution
		HideSolutionNode = FALSE
	EndGlobalSection
	GlobalSection(ExtensibilityGlobals) = postSolution
		SolutionGuid = {485470B5-B5BD-4E86-AD30-AA3BA114DB5F}
	EndGlobalSection
EndGlobal
