
Microsoft Visual Studio Solution File, Format Version 12.00
# Visual Studio 15
VisualStudioVersion = 15.0.26730.15
MinimumVisualStudioVersion = 10.0.40219.1
Project("{FAE04EC0-301F-11D3-BF4B-00C04F79EFBC}") = "CreateDevices", "CreateDevices\CreateDevices.csproj", "{8BCA3EBF-F32D-49DE-80BD-8A240892BAEE}"
EndProject
Project("{9A19103F-16F7-4668-BE54-9A1E7A4F7556}") = "CoreSimulatedDevice", "CoreSimulatedDevice\CoreSimulatedDevice.csproj", "{16B69191-E687-4042-A9D6-F7073FEB8478}"
EndProject
Project("{E53339B2-1760-4266-BCC7-CA923CBCF16C}") = "docker-compose", "docker-compose.dcproj", "{47087AE6-3E10-4C51-A63C-6BBD657C18BC}"
EndProject
Project("{F5034706-568F-408A-B7B3-4D38C6DB8A32}") = "Scripts", "Scripts\Scripts.pssproj", "{6CAFC0C6-A428-4D30-A9F9-700E829FEA51}"
EndProject
Global
	GlobalSection(SolutionConfigurationPlatforms) = preSolution
		Debug|Any CPU = Debug|Any CPU
		Release|Any CPU = Release|Any CPU
	EndGlobalSection
	GlobalSection(ProjectConfigurationPlatforms) = postSolution
		{8BCA3EBF-F32D-49DE-80BD-8A240892BAEE}.Debug|Any CPU.ActiveCfg = Debug|Any CPU
		{8BCA3EBF-F32D-49DE-80BD-8A240892BAEE}.Debug|Any CPU.Build.0 = Debug|Any CPU
		{8BCA3EBF-F32D-49DE-80BD-8A240892BAEE}.Release|Any CPU.ActiveCfg = Release|Any CPU
		{8BCA3EBF-F32D-49DE-80BD-8A240892BAEE}.Release|Any CPU.Build.0 = Release|Any CPU
		{16B69191-E687-4042-A9D6-F7073FEB8478}.Debug|Any CPU.ActiveCfg = Debug|Any CPU
		{16B69191-E687-4042-A9D6-F7073FEB8478}.Debug|Any CPU.Build.0 = Debug|Any CPU
		{16B69191-E687-4042-A9D6-F7073FEB8478}.Release|Any CPU.ActiveCfg = Release|Any CPU
		{16B69191-E687-4042-A9D6-F7073FEB8478}.Release|Any CPU.Build.0 = Release|Any CPU
		{47087AE6-3E10-4C51-A63C-6BBD657C18BC}.Debug|Any CPU.ActiveCfg = Debug|Any CPU
		{47087AE6-3E10-4C51-A63C-6BBD657C18BC}.Debug|Any CPU.Build.0 = Debug|Any CPU
		{47087AE6-3E10-4C51-A63C-6BBD657C18BC}.Release|Any CPU.ActiveCfg = Release|Any CPU
		{47087AE6-3E10-4C51-A63C-6BBD657C18BC}.Release|Any CPU.Build.0 = Release|Any CPU
		{6CAFC0C6-A428-4D30-A9F9-700E829FEA51}.Debug|Any CPU.ActiveCfg = Debug|Any CPU
		{6CAFC0C6-A428-4D30-A9F9-700E829FEA51}.Debug|Any CPU.Build.0 = Debug|Any CPU
		{6CAFC0C6-A428-4D30-A9F9-700E829FEA51}.Release|Any CPU.ActiveCfg = Release|Any CPU
		{6CAFC0C6-A428-4D30-A9F9-700E829FEA51}.Release|Any CPU.Build.0 = Release|Any CPU
	EndGlobalSection
	GlobalSection(SolutionProperties) = preSolution
		HideSolutionNode = FALSE
	EndGlobalSection
	GlobalSection(ExtensibilityGlobals) = postSolution
		SolutionGuid = {CC0281FE-F80E-4934-8163-BAF8D8701622}
	EndGlobalSection
EndGlobal
